
Microsoft Visual Studio Solution File, Format Version 12.00
# Visual Studio Version 17
VisualStudioVersion = 17.10.35027.167
MinimumVisualStudioVersion = 10.0.40219.1
Project("{FAE04EC0-301F-11D3-BF4B-00C04F79EFBC}") = "AppAngular.Server", "AppAngular.Server\AppAngular.Server.csproj", "{A53132B2-1A2B-4B06-8D23-503EAB728155}"
EndProject
Project("{54A90642-561A-4BB1-A94E-469ADEE60C69}") = "appangular.client", "appangular.client\appangular.client.esproj", "{24F3BBA7-D8FA-463E-8027-0F92BE274F3C}"
EndProject
Global
	GlobalSection(SolutionConfigurationPlatforms) = preSolution
		Debug|Any CPU = Debug|Any CPU
		Release|Any CPU = Release|Any CPU
	EndGlobalSection
	GlobalSection(ProjectConfigurationPlatforms) = postSolution
		{A53132B2-1A2B-4B06-8D23-503EAB728155}.Debug|Any CPU.ActiveCfg = Debug|Any CPU
		{A53132B2-1A2B-4B06-8D23-503EAB728155}.Debug|Any CPU.Build.0 = Debug|Any CPU
		{A53132B2-1A2B-4B06-8D23-503EAB728155}.Release|Any CPU.ActiveCfg = Release|Any CPU
		{A53132B2-1A2B-4B06-8D23-503EAB728155}.Release|Any CPU.Build.0 = Release|Any CPU
		{24F3BBA7-D8FA-463E-8027-0F92BE274F3C}.Debug|Any CPU.ActiveCfg = Debug|Any CPU
		{24F3BBA7-D8FA-463E-8027-0F92BE274F3C}.Debug|Any CPU.Build.0 = Debug|Any CPU
		{24F3BBA7-D8FA-463E-8027-0F92BE274F3C}.Debug|Any CPU.Deploy.0 = Debug|Any CPU
		{24F3BBA7-D8FA-463E-8027-0F92BE274F3C}.Release|Any CPU.ActiveCfg = Release|Any CPU
		{24F3BBA7-D8FA-463E-8027-0F92BE274F3C}.Release|Any CPU.Build.0 = Release|Any CPU
		{24F3BBA7-D8FA-463E-8027-0F92BE274F3C}.Release|Any CPU.Deploy.0 = Release|Any CPU
	EndGlobalSection
	GlobalSection(SolutionProperties) = preSolution
		HideSolutionNode = FALSE
	EndGlobalSection
	GlobalSection(ExtensibilityGlobals) = postSolution
		SolutionGuid = {72736756-9783-436E-8C3D-CC4D546D8C93}
	EndGlobalSection
EndGlobal
